
Microsoft Visual Studio Solution File, Format Version 11.00
# Visual Studio 2010
Project("{FAE04EC0-301F-11D3-BF4B-00C04F79EFBC}") = "XML Serialization Practice Game", "Assembly-CSharp.csproj", "{8E25A940-33C4-860B-1BE0-0ED01A35064F}"
EndProject
Global
	GlobalSection(SolutionConfigurationPlatforms) = preSolution
		Debug|Any CPU = Debug|Any CPU
		Release|Any CPU = Release|Any CPU
	EndGlobalSection
	GlobalSection(ProjectConfigurationPlatforms) = postSolution
		{8E25A940-33C4-860B-1BE0-0ED01A35064F}.Debug|Any CPU.ActiveCfg = Debug|Any CPU
		{8E25A940-33C4-860B-1BE0-0ED01A35064F}.Debug|Any CPU.Build.0 = Debug|Any CPU
		{8E25A940-33C4-860B-1BE0-0ED01A35064F}.Release|Any CPU.ActiveCfg = Release|Any CPU
		{8E25A940-33C4-860B-1BE0-0ED01A35064F}.Release|Any CPU.Build.0 = Release|Any CPU
	EndGlobalSection
	GlobalSection(SolutionProperties) = preSolution
		HideSolutionNode = FALSE
	EndGlobalSection
	GlobalSection(MonoDevelopProperties) = preSolution
		StartupItem = Assembly-CSharp.csproj
	EndGlobalSection
EndGlobal
